
Microsoft Visual Studio Solution File, Format Version 12.00
# Visual Studio 15
VisualStudioVersion = 15.0.26124.0
MinimumVisualStudioVersion = 15.0.26124.0
Project("{2150E333-8FDC-42A3-9474-1A3956D46DE8}") = "Presentation", "Presentation", "{4FC658DE-89A4-4DA4-A4BC-02FAF31D9FB8}"
EndProject
Project("{FAE04EC0-301F-11D3-BF4B-00C04F79EFBC}") = "API", "Presentation\API\API.csproj", "{645BB4F2-9CC6-420A-8989-9BB645B76026}"
EndProject
Project("{2150E333-8FDC-42A3-9474-1A3956D46DE8}") = "Domain", "Domain", "{D275BCC7-A21A-4C8E-992B-1D02A82243E3}"
EndProject
Project("{FAE04EC0-301F-11D3-BF4B-00C04F79EFBC}") = "Modelo", "Domain\Modelo\Modelo.csproj", "{54881E66-9121-40DB-BD83-9498CC47761A}"
EndProject
Project("{2150E333-8FDC-42A3-9474-1A3956D46DE8}") = "Infrastructure", "Infrastructure", "{C5EC625A-D3D0-4BE9-9F68-4433B389A32C}"
EndProject
Project("{FAE04EC0-301F-11D3-BF4B-00C04F79EFBC}") = "Repositorio", "Infrastructure\Repositorio\Repositorio.csproj", "{1DD02A4A-024E-43A4-B8FB-C5842A6BEBD9}"
EndProject
Global
	GlobalSection(SolutionConfigurationPlatforms) = preSolution
		Debug|Any CPU = Debug|Any CPU
		Debug|x64 = Debug|x64
		Debug|x86 = Debug|x86
		Release|Any CPU = Release|Any CPU
		Release|x64 = Release|x64
		Release|x86 = Release|x86
	EndGlobalSection
	GlobalSection(SolutionProperties) = preSolution
		HideSolutionNode = FALSE
	EndGlobalSection
	GlobalSection(ProjectConfigurationPlatforms) = postSolution
		{645BB4F2-9CC6-420A-8989-9BB645B76026}.Debug|Any CPU.ActiveCfg = Debug|Any CPU
		{645BB4F2-9CC6-420A-8989-9BB645B76026}.Debug|Any CPU.Build.0 = Debug|Any CPU
		{645BB4F2-9CC6-420A-8989-9BB645B76026}.Debug|x64.ActiveCfg = Debug|x64
		{645BB4F2-9CC6-420A-8989-9BB645B76026}.Debug|x64.Build.0 = Debug|x64
		{645BB4F2-9CC6-420A-8989-9BB645B76026}.Debug|x86.ActiveCfg = Debug|x86
		{645BB4F2-9CC6-420A-8989-9BB645B76026}.Debug|x86.Build.0 = Debug|x86
		{645BB4F2-9CC6-420A-8989-9BB645B76026}.Release|Any CPU.ActiveCfg = Release|Any CPU
		{645BB4F2-9CC6-420A-8989-9BB645B76026}.Release|Any CPU.Build.0 = Release|Any CPU
		{645BB4F2-9CC6-420A-8989-9BB645B76026}.Release|x64.ActiveCfg = Release|x64
		{645BB4F2-9CC6-420A-8989-9BB645B76026}.Release|x64.Build.0 = Release|x64
		{645BB4F2-9CC6-420A-8989-9BB645B76026}.Release|x86.ActiveCfg = Release|x86
		{645BB4F2-9CC6-420A-8989-9BB645B76026}.Release|x86.Build.0 = Release|x86
		{54881E66-9121-40DB-BD83-9498CC47761A}.Debug|Any CPU.ActiveCfg = Debug|Any CPU
		{54881E66-9121-40DB-BD83-9498CC47761A}.Debug|Any CPU.Build.0 = Debug|Any CPU
		{54881E66-9121-40DB-BD83-9498CC47761A}.Debug|x64.ActiveCfg = Debug|x64
		{54881E66-9121-40DB-BD83-9498CC47761A}.Debug|x64.Build.0 = Debug|x64
		{54881E66-9121-40DB-BD83-9498CC47761A}.Debug|x86.ActiveCfg = Debug|x86
		{54881E66-9121-40DB-BD83-9498CC47761A}.Debug|x86.Build.0 = Debug|x86
		{54881E66-9121-40DB-BD83-9498CC47761A}.Release|Any CPU.ActiveCfg = Release|Any CPU
		{54881E66-9121-40DB-BD83-9498CC47761A}.Release|Any CPU.Build.0 = Release|Any CPU
		{54881E66-9121-40DB-BD83-9498CC47761A}.Release|x64.ActiveCfg = Release|x64
		{54881E66-9121-40DB-BD83-9498CC47761A}.Release|x64.Build.0 = Release|x64
		{54881E66-9121-40DB-BD83-9498CC47761A}.Release|x86.ActiveCfg = Release|x86
		{54881E66-9121-40DB-BD83-9498CC47761A}.Release|x86.Build.0 = Release|x86
		{1DD02A4A-024E-43A4-B8FB-C5842A6BEBD9}.Debug|Any CPU.ActiveCfg = Debug|Any CPU
		{1DD02A4A-024E-43A4-B8FB-C5842A6BEBD9}.Debug|Any CPU.Build.0 = Debug|Any CPU
		{1DD02A4A-024E-43A4-B8FB-C5842A6BEBD9}.Debug|x64.ActiveCfg = Debug|x64
		{1DD02A4A-024E-43A4-B8FB-C5842A6BEBD9}.Debug|x64.Build.0 = Debug|x64
		{1DD02A4A-024E-43A4-B8FB-C5842A6BEBD9}.Debug|x86.ActiveCfg = Debug|x86
		{1DD02A4A-024E-43A4-B8FB-C5842A6BEBD9}.Debug|x86.Build.0 = Debug|x86
		{1DD02A4A-024E-43A4-B8FB-C5842A6BEBD9}.Release|Any CPU.ActiveCfg = Release|Any CPU
		{1DD02A4A-024E-43A4-B8FB-C5842A6BEBD9}.Release|Any CPU.Build.0 = Release|Any CPU
		{1DD02A4A-024E-43A4-B8FB-C5842A6BEBD9}.Release|x64.ActiveCfg = Release|x64
		{1DD02A4A-024E-43A4-B8FB-C5842A6BEBD9}.Release|x64.Build.0 = Release|x64
		{1DD02A4A-024E-43A4-B8FB-C5842A6BEBD9}.Release|x86.ActiveCfg = Release|x86
		{1DD02A4A-024E-43A4-B8FB-C5842A6BEBD9}.Release|x86.Build.0 = Release|x86
	EndGlobalSection
	GlobalSection(NestedProjects) = preSolution
		{645BB4F2-9CC6-420A-8989-9BB645B76026} = {4FC658DE-89A4-4DA4-A4BC-02FAF31D9FB8}
		{54881E66-9121-40DB-BD83-9498CC47761A} = {D275BCC7-A21A-4C8E-992B-1D02A82243E3}
		{1DD02A4A-024E-43A4-B8FB-C5842A6BEBD9} = {C5EC625A-D3D0-4BE9-9F68-4433B389A32C}
	EndGlobalSection
EndGlobal
